
Microsoft Visual Studio Solution File, Format Version 12.00
# Visual Studio 2012
Project("{2150E333-8FDC-42A3-9474-1A3956D46DE8}") = "Database", "Database", "{DA5CD3FA-96E5-45B1-8D82-1666CA06C321}"
	ProjectSection(SolutionItems) = preProject
		DatabaseScript.sql = DatabaseScript.sql
	EndProjectSection
EndProject
Project("{FAE04EC0-301F-11D3-BF4B-00C04F79EFBC}") = "SaaSAuthentication", "SaaSAuthentication\SaaSAuthentication.csproj", "{F9BB1978-01D1-4F6D-A971-8080980F616A}"
EndProject
Global
	GlobalSection(SolutionConfigurationPlatforms) = preSolution
		Debug|Any CPU = Debug|Any CPU
		Release|Any CPU = Release|Any CPU
	EndGlobalSection
	GlobalSection(ProjectConfigurationPlatforms) = postSolution
		{F9BB1978-01D1-4F6D-A971-8080980F616A}.Debug|Any CPU.ActiveCfg = Debug|Any CPU
		{F9BB1978-01D1-4F6D-A971-8080980F616A}.Debug|Any CPU.Build.0 = Debug|Any CPU
		{F9BB1978-01D1-4F6D-A971-8080980F616A}.Release|Any CPU.ActiveCfg = Release|Any CPU
		{F9BB1978-01D1-4F6D-A971-8080980F616A}.Release|Any CPU.Build.0 = Release|Any CPU
	EndGlobalSection
	GlobalSection(SolutionProperties) = preSolution
		HideSolutionNode = FALSE
	EndGlobalSection
EndGlobal
